{
  "version": "4",
  "specifiers": {
    "npm:debug@*": "4.4.0",
    "npm:debug@^4.4.0": "4.4.0",
    "npm:json-stringify-pretty-compact@*": "4.0.0",
    "npm:json-stringify-pretty-compact@4.0.0": "4.0.0"
  },
  "npm": {
    "debug@4.4.0": {
      "integrity": "sha512-6WTZ/IxCY/T6BALoZHaE4ctp9xm+Z5kY/pzYaCHRFeyVhojxlrm+46y68HA6hr0TcwEssoxNiDEUJQjfPZ/RYA==",
      "dependencies": [
        "ms"
      ]
    },
    "json-stringify-pretty-compact@4.0.0": {
      "integrity": "sha512-3CNZ2DnrpByG9Nqj6Xo8vqbjT4F6N+tb4Gb28ESAZjYZ5yqvmc56J+/kuIwkaAMOyblTQhUW7PxMkUb8Q36N3Q=="
    },
    "ms@2.1.3": {
      "integrity": "sha512-6FlzubTLZG3J2a/NVCAleEhjzq5oxgHyaCU9yYXvcLsvoVaHJq/s5xXI6/XXP6tz7R9xAOtHnSO/tXtF3WRTlA=="
    }
  },
  "workspace": {
    "dependencies": [
      "npm:debug@^4.4.0",
      "npm:json-stringify-pretty-compact@*"
    ]
  }
}
